
Microsoft Visual Studio Solution File, Format Version 10.00
# Visual Studio 2008
Project("{FAE04EC0-301F-11D3-BF4B-00C04F79EFBC}") = "NewsManager", "NewsManager\NewsManager.csproj", "{30105668-5200-4A91-B0EE-D0556F7B2A2D}"
EndProject
Global
	GlobalSection(SolutionConfigurationPlatforms) = preSolution
		Debug|Any CPU = Debug|Any CPU
		Release|Any CPU = Release|Any CPU
	EndGlobalSection
	GlobalSection(ProjectConfigurationPlatforms) = postSolution
		{30105668-5200-4A91-B0EE-D0556F7B2A2D}.Debug|Any CPU.ActiveCfg = Debug|Any CPU
		{30105668-5200-4A91-B0EE-D0556F7B2A2D}.Debug|Any CPU.Build.0 = Debug|Any CPU
		{30105668-5200-4A91-B0EE-D0556F7B2A2D}.Release|Any CPU.ActiveCfg = Release|Any CPU
		{30105668-5200-4A91-B0EE-D0556F7B2A2D}.Release|Any CPU.Build.0 = Release|Any CPU
	EndGlobalSection
	GlobalSection(SolutionProperties) = preSolution
		HideSolutionNode = FALSE
	EndGlobalSection
EndGlobal
